
Microsoft Visual Studio Solution File, Format Version 12.00
# Visual Studio Version 17
VisualStudioVersion = 17.8.34408.163
MinimumVisualStudioVersion = 10.0.40219.1
Project("{FAE04EC0-301F-11D3-BF4B-00C04F79EFBC}") = "MPGSSelenium", "MPGSSelenium\MPGSSelenium.csproj", "{81C6D4A3-959C-4552-A481-9DD6AF7DC8C4}"
EndProject
Global
	GlobalSection(SolutionConfigurationPlatforms) = preSolution
		Debug|Any CPU = Debug|Any CPU
		Release|Any CPU = Release|Any CPU
	EndGlobalSection
	GlobalSection(ProjectConfigurationPlatforms) = postSolution
		{81C6D4A3-959C-4552-A481-9DD6AF7DC8C4}.Debug|Any CPU.ActiveCfg = Debug|Any CPU
		{81C6D4A3-959C-4552-A481-9DD6AF7DC8C4}.Debug|Any CPU.Build.0 = Debug|Any CPU
		{81C6D4A3-959C-4552-A481-9DD6AF7DC8C4}.Release|Any CPU.ActiveCfg = Release|Any CPU
		{81C6D4A3-959C-4552-A481-9DD6AF7DC8C4}.Release|Any CPU.Build.0 = Release|Any CPU
	EndGlobalSection
	GlobalSection(SolutionProperties) = preSolution
		HideSolutionNode = FALSE
	EndGlobalSection
	GlobalSection(ExtensibilityGlobals) = postSolution
		SolutionGuid = {0DA95CFE-F03B-42E0-8211-3CE2B615EDED}
	EndGlobalSection
EndGlobal
